
Microsoft Visual Studio Solution File, Format Version 12.00
# Visual Studio Version 17
VisualStudioVersion = 17.5.33530.505
MinimumVisualStudioVersion = 10.0.40219.1
Project("{FAE04EC0-301F-11D3-BF4B-00C04F79EFBC}") = "DatabaseNumberGenerator", "DatabaseNumberGenerator.csproj", "{A790CB80-5B3D-4596-BAEE-F77505FEFF57}"
EndProject
Global
	GlobalSection(SolutionConfigurationPlatforms) = preSolution
		Debug|Any CPU = Debug|Any CPU
		Release|Any CPU = Release|Any CPU
	EndGlobalSection
	GlobalSection(ProjectConfigurationPlatforms) = postSolution
		{A790CB80-5B3D-4596-BAEE-F77505FEFF57}.Debug|Any CPU.ActiveCfg = Debug|Any CPU
		{A790CB80-5B3D-4596-BAEE-F77505FEFF57}.Debug|Any CPU.Build.0 = Debug|Any CPU
		{A790CB80-5B3D-4596-BAEE-F77505FEFF57}.Release|Any CPU.ActiveCfg = Release|Any CPU
		{A790CB80-5B3D-4596-BAEE-F77505FEFF57}.Release|Any CPU.Build.0 = Release|Any CPU
	EndGlobalSection
	GlobalSection(SolutionProperties) = preSolution
		HideSolutionNode = FALSE
	EndGlobalSection
	GlobalSection(ExtensibilityGlobals) = postSolution
		SolutionGuid = {A8960302-FBD8-4690-B298-2F3861527FED}
	EndGlobalSection
EndGlobal
